github.com/fermyon/spin-go-sdk v0.0.0-20250310233821-2665ad7e30a4 h1:er/5jOnjXEjx95+7iiioj5l/CwT5AQgM7Udr8xM/mDI=
github.com/fermyon/spin-go-sdk v0.0.0-20250310233821-2665ad7e30a4/go.mod h1:9GoW1+MR0gN1OEinITtjPOzmu0dur3U6ty3pIH/gN24=
github.com/julienschmidt/httprouter v1.3.0 h1:U0609e9tgbseu3rBINet9P48AI/D3oJs4dN7jwJOQ1U=
github.com/julienschmidt/httprouter v1.3.0/go.mod h1:JR6WtHb+2LUe8TCKY3cZOxFyyO8IZAc4RVcycCCAKdM=
